
Microsoft Visual Studio Solution File, Format Version 12.00
# Visual Studio 2013
VisualStudioVersion = 12.0.30723.0
MinimumVisualStudioVersion = 10.0.40219.1
Project("{FAE04EC0-301F-11D3-BF4B-00C04F79EFBC}") = "TestTokenizer", "TestTokenizer\TestTokenizer.csproj", "{C0BA8303-1D6F-4E3D-B1B1-E52C8F685A25}"
EndProject
Global
	GlobalSection(SolutionConfigurationPlatforms) = preSolution
		Debug|Any CPU = Debug|Any CPU
		Release|Any CPU = Release|Any CPU
	EndGlobalSection
	GlobalSection(ProjectConfigurationPlatforms) = postSolution
		{C0BA8303-1D6F-4E3D-B1B1-E52C8F685A25}.Debug|Any CPU.ActiveCfg = Debug|Any CPU
		{C0BA8303-1D6F-4E3D-B1B1-E52C8F685A25}.Debug|Any CPU.Build.0 = Debug|Any CPU
		{C0BA8303-1D6F-4E3D-B1B1-E52C8F685A25}.Release|Any CPU.ActiveCfg = Release|Any CPU
		{C0BA8303-1D6F-4E3D-B1B1-E52C8F685A25}.Release|Any CPU.Build.0 = Release|Any CPU
	EndGlobalSection
	GlobalSection(SolutionProperties) = preSolution
		HideSolutionNode = FALSE
	EndGlobalSection
EndGlobal
